
Microsoft Visual Studio Solution File, Format Version 12.00
# Visual Studio 2012
Project("{FAE04EC0-301F-11D3-BF4B-00C04F79EFBC}") = "Designer", "Designer\Designer.csproj", "{9603E197-F5E3-492A-B1E6-05022716C6C9}"
EndProject
Project("{FAE04EC0-301F-11D3-BF4B-00C04F79EFBC}") = "Viewer", "Viewer\Viewer.csproj", "{6F710F8F-0299-4E97-8EDE-8880C65CD2A4}"
EndProject
Global
	GlobalSection(SolutionConfigurationPlatforms) = preSolution
		Debug|Any CPU = Debug|Any CPU
		Release|Any CPU = Release|Any CPU
	EndGlobalSection
	GlobalSection(ProjectConfigurationPlatforms) = postSolution
		{9603E197-F5E3-492A-B1E6-05022716C6C9}.Debug|Any CPU.ActiveCfg = Debug|Any CPU
		{9603E197-F5E3-492A-B1E6-05022716C6C9}.Debug|Any CPU.Build.0 = Debug|Any CPU
		{9603E197-F5E3-492A-B1E6-05022716C6C9}.Release|Any CPU.ActiveCfg = Release|Any CPU
		{9603E197-F5E3-492A-B1E6-05022716C6C9}.Release|Any CPU.Build.0 = Release|Any CPU
		{6F710F8F-0299-4E97-8EDE-8880C65CD2A4}.Debug|Any CPU.ActiveCfg = Debug|Any CPU
		{6F710F8F-0299-4E97-8EDE-8880C65CD2A4}.Debug|Any CPU.Build.0 = Debug|Any CPU
		{6F710F8F-0299-4E97-8EDE-8880C65CD2A4}.Release|Any CPU.ActiveCfg = Release|Any CPU
		{6F710F8F-0299-4E97-8EDE-8880C65CD2A4}.Release|Any CPU.Build.0 = Release|Any CPU
	EndGlobalSection
	GlobalSection(SolutionProperties) = preSolution
		HideSolutionNode = FALSE
	EndGlobalSection
EndGlobal
